
Microsoft Visual Studio Solution File, Format Version 12.00
# Visual Studio Version 16
VisualStudioVersion = 16.0.31019.35
MinimumVisualStudioVersion = 10.0.40219.1
Project("{9A19103F-16F7-4668-BE54-9A1E7A4F7556}") = "DataAccess", "DataAccess\DataAccess.csproj", "{3720A78D-6524-403B-B2AA-073A8303F24B}"
EndProject
Project("{9A19103F-16F7-4668-BE54-9A1E7A4F7556}") = "Business", "Business\Business.csproj", "{D9E04E82-9815-457D-96CC-0CD86666861E}"
EndProject
Project("{9A19103F-16F7-4668-BE54-9A1E7A4F7556}") = "Entities", "Entities\Entities.csproj", "{34CF2469-C764-4430-84A0-518C471807DE}"
EndProject
Project("{9A19103F-16F7-4668-BE54-9A1E7A4F7556}") = "ConsoleUI", "ConsoleUI\ConsoleUI.csproj", "{A97239D3-BE10-43A3-B168-70443148EF8D}"
EndProject
Project("{9A19103F-16F7-4668-BE54-9A1E7A4F7556}") = "Core", "Core\Core.csproj", "{A87E27AC-3401-447C-BB63-40C468F8A3A9}"
EndProject
Project("{FAE04EC0-301F-11D3-BF4B-00C04F79EFBC}") = "WebAPI", "WebAPI\WebAPI.csproj", "{27D0A510-609D-4BF8-92F4-E4A240F7199E}"
EndProject
Global
	GlobalSection(SolutionConfigurationPlatforms) = preSolution
		Debug|Any CPU = Debug|Any CPU
		Release|Any CPU = Release|Any CPU
	EndGlobalSection
	GlobalSection(ProjectConfigurationPlatforms) = postSolution
		{3720A78D-6524-403B-B2AA-073A8303F24B}.Debug|Any CPU.ActiveCfg = Debug|Any CPU
		{3720A78D-6524-403B-B2AA-073A8303F24B}.Debug|Any CPU.Build.0 = Debug|Any CPU
		{3720A78D-6524-403B-B2AA-073A8303F24B}.Release|Any CPU.ActiveCfg = Release|Any CPU
		{3720A78D-6524-403B-B2AA-073A8303F24B}.Release|Any CPU.Build.0 = Release|Any CPU
		{D9E04E82-9815-457D-96CC-0CD86666861E}.Debug|Any CPU.ActiveCfg = Debug|Any CPU
		{D9E04E82-9815-457D-96CC-0CD86666861E}.Debug|Any CPU.Build.0 = Debug|Any CPU
		{D9E04E82-9815-457D-96CC-0CD86666861E}.Release|Any CPU.ActiveCfg = Release|Any CPU
		{D9E04E82-9815-457D-96CC-0CD86666861E}.Release|Any CPU.Build.0 = Release|Any CPU
		{34CF2469-C764-4430-84A0-518C471807DE}.Debug|Any CPU.ActiveCfg = Debug|Any CPU
		{34CF2469-C764-4430-84A0-518C471807DE}.Debug|Any CPU.Build.0 = Debug|Any CPU
		{34CF2469-C764-4430-84A0-518C471807DE}.Release|Any CPU.ActiveCfg = Release|Any CPU
		{34CF2469-C764-4430-84A0-518C471807DE}.Release|Any CPU.Build.0 = Release|Any CPU
		{A97239D3-BE10-43A3-B168-70443148EF8D}.Debug|Any CPU.ActiveCfg = Debug|Any CPU
		{A97239D3-BE10-43A3-B168-70443148EF8D}.Debug|Any CPU.Build.0 = Debug|Any CPU
		{A97239D3-BE10-43A3-B168-70443148EF8D}.Release|Any CPU.ActiveCfg = Release|Any CPU
		{A97239D3-BE10-43A3-B168-70443148EF8D}.Release|Any CPU.Build.0 = Release|Any CPU
		{A87E27AC-3401-447C-BB63-40C468F8A3A9}.Debug|Any CPU.ActiveCfg = Debug|Any CPU
		{A87E27AC-3401-447C-BB63-40C468F8A3A9}.Debug|Any CPU.Build.0 = Debug|Any CPU
		{A87E27AC-3401-447C-BB63-40C468F8A3A9}.Release|Any CPU.ActiveCfg = Release|Any CPU
		{A87E27AC-3401-447C-BB63-40C468F8A3A9}.Release|Any CPU.Build.0 = Release|Any CPU
		{27D0A510-609D-4BF8-92F4-E4A240F7199E}.Debug|Any CPU.ActiveCfg = Debug|Any CPU
		{27D0A510-609D-4BF8-92F4-E4A240F7199E}.Debug|Any CPU.Build.0 = Debug|Any CPU
		{27D0A510-609D-4BF8-92F4-E4A240F7199E}.Release|Any CPU.ActiveCfg = Release|Any CPU
		{27D0A510-609D-4BF8-92F4-E4A240F7199E}.Release|Any CPU.Build.0 = Release|Any CPU
	EndGlobalSection
	GlobalSection(SolutionProperties) = preSolution
		HideSolutionNode = FALSE
	EndGlobalSection
	GlobalSection(ExtensibilityGlobals) = postSolution
		SolutionGuid = {D9323DB4-92EC-451C-8EC5-1E7B969A9586}
	EndGlobalSection
EndGlobal
